
Microsoft Visual Studio Solution File, Format Version 12.00
# Visual Studio 15
VisualStudioVersion = 15.0.28307.572
MinimumVisualStudioVersion = 10.0.40219.1
Project("{FAE04EC0-301F-11D3-BF4B-00C04F79EFBC}") = "CoreApi", "CoreApi\CoreApi.csproj", "{F935BC39-3960-42F0-B5D4-ADFE963C5BFA}"
EndProject
Global
	GlobalSection(SolutionConfigurationPlatforms) = preSolution
		Debug|Any CPU = Debug|Any CPU
		Release|Any CPU = Release|Any CPU
	EndGlobalSection
	GlobalSection(ProjectConfigurationPlatforms) = postSolution
		{F935BC39-3960-42F0-B5D4-ADFE963C5BFA}.Debug|Any CPU.ActiveCfg = Debug|Any CPU
		{F935BC39-3960-42F0-B5D4-ADFE963C5BFA}.Debug|Any CPU.Build.0 = Debug|Any CPU
		{F935BC39-3960-42F0-B5D4-ADFE963C5BFA}.Release|Any CPU.ActiveCfg = Release|Any CPU
		{F935BC39-3960-42F0-B5D4-ADFE963C5BFA}.Release|Any CPU.Build.0 = Release|Any CPU
	EndGlobalSection
	GlobalSection(SolutionProperties) = preSolution
		HideSolutionNode = FALSE
	EndGlobalSection
	GlobalSection(ExtensibilityGlobals) = postSolution
		SolutionGuid = {A6D41FD2-1434-4416-8B34-6C317AA7FB2C}
	EndGlobalSection
EndGlobal
